
Microsoft Visual Studio Solution File, Format Version 12.00
# Visual Studio Version 16
VisualStudioVersion = 16.0.30717.126
MinimumVisualStudioVersion = 10.0.40219.1
Project("{FAE04EC0-301F-11D3-BF4B-00C04F79EFBC}") = "Test_AdminPanel", "Test_AdminPanel.csproj", "{B54C1781-59CA-49E9-AD7C-6E3535DB3312}"
EndProject
Global
	GlobalSection(SolutionConfigurationPlatforms) = preSolution
		Debug|Any CPU = Debug|Any CPU
		Release|Any CPU = Release|Any CPU
	EndGlobalSection
	GlobalSection(ProjectConfigurationPlatforms) = postSolution
		{B54C1781-59CA-49E9-AD7C-6E3535DB3312}.Debug|Any CPU.ActiveCfg = Debug|Any CPU
		{B54C1781-59CA-49E9-AD7C-6E3535DB3312}.Debug|Any CPU.Build.0 = Debug|Any CPU
		{B54C1781-59CA-49E9-AD7C-6E3535DB3312}.Release|Any CPU.ActiveCfg = Release|Any CPU
		{B54C1781-59CA-49E9-AD7C-6E3535DB3312}.Release|Any CPU.Build.0 = Release|Any CPU
	EndGlobalSection
	GlobalSection(SolutionProperties) = preSolution
		HideSolutionNode = FALSE
	EndGlobalSection
	GlobalSection(ExtensibilityGlobals) = postSolution
		SolutionGuid = {42FB493E-D217-4C4D-93D6-8ABB1AFE933D}
	EndGlobalSection
EndGlobal
